
Microsoft Visual Studio Solution File, Format Version 12.00
# Visual Studio Version 16
VisualStudioVersion = 16.0.30621.155
MinimumVisualStudioVersion = 10.0.40219.1
Project("{FAE04EC0-301F-11D3-BF4B-00C04F79EFBC}") = "MasterMindApp", "MasterMindApp\MasterMindApp.csproj", "{B55EF479-CB01-442B-869A-D408FDF7D326}"
EndProject
Global
	GlobalSection(SolutionConfigurationPlatforms) = preSolution
		Debug|Any CPU = Debug|Any CPU
		Release|Any CPU = Release|Any CPU
	EndGlobalSection
	GlobalSection(ProjectConfigurationPlatforms) = postSolution
		{B55EF479-CB01-442B-869A-D408FDF7D326}.Debug|Any CPU.ActiveCfg = Debug|Any CPU
		{B55EF479-CB01-442B-869A-D408FDF7D326}.Debug|Any CPU.Build.0 = Debug|Any CPU
		{B55EF479-CB01-442B-869A-D408FDF7D326}.Release|Any CPU.ActiveCfg = Release|Any CPU
		{B55EF479-CB01-442B-869A-D408FDF7D326}.Release|Any CPU.Build.0 = Release|Any CPU
	EndGlobalSection
	GlobalSection(SolutionProperties) = preSolution
		HideSolutionNode = FALSE
	EndGlobalSection
	GlobalSection(ExtensibilityGlobals) = postSolution
		SolutionGuid = {396F7C60-42EC-4D24-955E-0DED0B3939A8}
	EndGlobalSection
EndGlobal
